
Microsoft Visual Studio Solution File, Format Version 12.00
# Visual Studio Version 16
VisualStudioVersion = 16.0.30523.141
MinimumVisualStudioVersion = 10.0.40219.1
Project("{FAE04EC0-301F-11D3-BF4B-00C04F79EFBC}") = "NewBrandingStyle.Web", "NewBrandingStyle.Web\NewBrandingStyle.Web.csproj", "{8D422D6C-732A-41F6-8B59-3B37179EFAD5}"
EndProject
Global
	GlobalSection(SolutionConfigurationPlatforms) = preSolution
		Debug|Any CPU = Debug|Any CPU
		Release|Any CPU = Release|Any CPU
	EndGlobalSection
	GlobalSection(ProjectConfigurationPlatforms) = postSolution
		{8D422D6C-732A-41F6-8B59-3B37179EFAD5}.Debug|Any CPU.ActiveCfg = Debug|Any CPU
		{8D422D6C-732A-41F6-8B59-3B37179EFAD5}.Debug|Any CPU.Build.0 = Debug|Any CPU
		{8D422D6C-732A-41F6-8B59-3B37179EFAD5}.Release|Any CPU.ActiveCfg = Release|Any CPU
		{8D422D6C-732A-41F6-8B59-3B37179EFAD5}.Release|Any CPU.Build.0 = Release|Any CPU
	EndGlobalSection
	GlobalSection(SolutionProperties) = preSolution
		HideSolutionNode = FALSE
	EndGlobalSection
	GlobalSection(ExtensibilityGlobals) = postSolution
		SolutionGuid = {D626D538-C287-4AFD-B06C-F8E2FD8051D9}
	EndGlobalSection
EndGlobal
